
Microsoft Visual Studio Solution File, Format Version 12.00
# Visual Studio Version 16
VisualStudioVersion = 16.0.30709.132
MinimumVisualStudioVersion = 15.0.26124.0
Project("{9A19103F-16F7-4668-BE54-9A1E7A4F7556}") = "DNI.Core.Web", "DNI.Core.Web\DNI.Core.Web.csproj", "{42582882-D655-45E5-BADC-7DFFD3A35925}"
EndProject
Project("{9A19103F-16F7-4668-BE54-9A1E7A4F7556}") = "DNI.Core.Shared", "DNI.Core.Shared\DNI.Core.Shared.csproj", "{5CEFAA63-EDBB-409B-BD9D-7384F845C353}"
EndProject
Project("{9A19103F-16F7-4668-BE54-9A1E7A4F7556}") = "DNI.Core.Data", "DNI.Core.Data\DNI.Core.Data.csproj", "{5C956AB7-1A99-4176-93A7-8E5E77F3F58C}"
EndProject
Project("{9A19103F-16F7-4668-BE54-9A1E7A4F7556}") = "DNI.Core.Abstractions", "DNI.Core.Abstractions\DNI.Core.Abstractions.csproj", "{68DADA2B-0AAA-4206-A2AF-0E8F9E56471B}"
EndProject
Project("{2150E333-8FDC-42A3-9474-1A3956D46DE8}") = "Solution Items", "Solution Items", "{F8F69E4F-847E-471D-A796-80211EE4A998}"
	ProjectSection(SolutionItems) = preProject
		azure-pipelines.yml = azure-pipelines.yml
		Directory.Build.props = Directory.Build.props
		.github\workflows\dotnet-ci.yml = .github\workflows\dotnet-ci.yml
		SharedAssemblyInfo.cs = SharedAssemblyInfo.cs
		Update-Version.ps1 = Update-Version.ps1
	EndProjectSection
EndProject
Project("{9A19103F-16F7-4668-BE54-9A1E7A4F7556}") = "DNI.Core.Tests", "DNI.Core.Tests\DNI.Core.Tests.csproj", "{551FFE21-92EA-4886-B6BE-29A4AB1AF539}"
EndProject
Global
	GlobalSection(SolutionConfigurationPlatforms) = preSolution
		Debug|Any CPU = Debug|Any CPU
		Debug|x64 = Debug|x64
		Debug|x86 = Debug|x86
		Release|Any CPU = Release|Any CPU
		Release|x64 = Release|x64
		Release|x86 = Release|x86
	EndGlobalSection
	GlobalSection(ProjectConfigurationPlatforms) = postSolution
		{42582882-D655-45E5-BADC-7DFFD3A35925}.Debug|Any CPU.ActiveCfg = Debug|Any CPU
		{42582882-D655-45E5-BADC-7DFFD3A35925}.Debug|Any CPU.Build.0 = Debug|Any CPU
		{42582882-D655-45E5-BADC-7DFFD3A35925}.Debug|x64.ActiveCfg = Debug|Any CPU
		{42582882-D655-45E5-BADC-7DFFD3A35925}.Debug|x64.Build.0 = Debug|Any CPU
		{42582882-D655-45E5-BADC-7DFFD3A35925}.Debug|x86.ActiveCfg = Debug|Any CPU
		{42582882-D655-45E5-BADC-7DFFD3A35925}.Debug|x86.Build.0 = Debug|Any CPU
		{42582882-D655-45E5-BADC-7DFFD3A35925}.Release|Any CPU.ActiveCfg = Release|Any CPU
		{42582882-D655-45E5-BADC-7DFFD3A35925}.Release|Any CPU.Build.0 = Release|Any CPU
		{42582882-D655-45E5-BADC-7DFFD3A35925}.Release|x64.ActiveCfg = Release|Any CPU
		{42582882-D655-45E5-BADC-7DFFD3A35925}.Release|x64.Build.0 = Release|Any CPU
		{42582882-D655-45E5-BADC-7DFFD3A35925}.Release|x86.ActiveCfg = Release|Any CPU
		{42582882-D655-45E5-BADC-7DFFD3A35925}.Release|x86.Build.0 = Release|Any CPU
		{5CEFAA63-EDBB-409B-BD9D-7384F845C353}.Debug|Any CPU.ActiveCfg = Debug|Any CPU
		{5CEFAA63-EDBB-409B-BD9D-7384F845C353}.Debug|Any CPU.Build.0 = Debug|Any CPU
		{5CEFAA63-EDBB-409B-BD9D-7384F845C353}.Debug|x64.ActiveCfg = Debug|Any CPU
		{5CEFAA63-EDBB-409B-BD9D-7384F845C353}.Debug|x64.Build.0 = Debug|Any CPU
		{5CEFAA63-EDBB-409B-BD9D-7384F845C353}.Debug|x86.ActiveCfg = Debug|Any CPU
		{5CEFAA63-EDBB-409B-BD9D-7384F845C353}.Debug|x86.Build.0 = Debug|Any CPU
		{5CEFAA63-EDBB-409B-BD9D-7384F845C353}.Release|Any CPU.ActiveCfg = Release|Any CPU
		{5CEFAA63-EDBB-409B-BD9D-7384F845C353}.Release|Any CPU.Build.0 = Release|Any CPU
		{5CEFAA63-EDBB-409B-BD9D-7384F845C353}.Release|x64.ActiveCfg = Release|Any CPU
		{5CEFAA63-EDBB-409B-BD9D-7384F845C353}.Release|x64.Build.0 = Release|Any CPU
		{5CEFAA63-EDBB-409B-BD9D-7384F845C353}.Release|x86.ActiveCfg = Release|Any CPU
		{5CEFAA63-EDBB-409B-BD9D-7384F845C353}.Release|x86.Build.0 = Release|Any CPU
		{5C956AB7-1A99-4176-93A7-8E5E77F3F58C}.Debug|Any CPU.ActiveCfg = Debug|Any CPU
		{5C956AB7-1A99-4176-93A7-8E5E77F3F58C}.Debug|Any CPU.Build.0 = Debug|Any CPU
		{5C956AB7-1A99-4176-93A7-8E5E77F3F58C}.Debug|x64.ActiveCfg = Debug|Any CPU
		{5C956AB7-1A99-4176-93A7-8E5E77F3F58C}.Debug|x64.Build.0 = Debug|Any CPU
		{5C956AB7-1A99-4176-93A7-8E5E77F3F58C}.Debug|x86.ActiveCfg = Debug|Any CPU
		{5C956AB7-1A99-4176-93A7-8E5E77F3F58C}.Debug|x86.Build.0 = Debug|Any CPU
		{5C956AB7-1A99-4176-93A7-8E5E77F3F58C}.Release|Any CPU.ActiveCfg = Release|Any CPU
		{5C956AB7-1A99-4176-93A7-8E5E77F3F58C}.Release|Any CPU.Build.0 = Release|Any CPU
		{5C956AB7-1A99-4176-93A7-8E5E77F3F58C}.Release|x64.ActiveCfg = Release|Any CPU
		{5C956AB7-1A99-4176-93A7-8E5E77F3F58C}.Release|x64.Build.0 = Release|Any CPU
		{5C956AB7-1A99-4176-93A7-8E5E77F3F58C}.Release|x86.ActiveCfg = Release|Any CPU
		{5C956AB7-1A99-4176-93A7-8E5E77F3F58C}.Release|x86.Build.0 = Release|Any CPU
		{68DADA2B-0AAA-4206-A2AF-0E8F9E56471B}.Debug|Any CPU.ActiveCfg = Debug|Any CPU
		{68DADA2B-0AAA-4206-A2AF-0E8F9E56471B}.Debug|Any CPU.Build.0 = Debug|Any CPU
		{68DADA2B-0AAA-4206-A2AF-0E8F9E56471B}.Debug|x64.ActiveCfg = Debug|Any CPU
		{68DADA2B-0AAA-4206-A2AF-0E8F9E56471B}.Debug|x64.Build.0 = Debug|Any CPU
		{68DADA2B-0AAA-4206-A2AF-0E8F9E56471B}.Debug|x86.ActiveCfg = Debug|Any CPU
		{68DADA2B-0AAA-4206-A2AF-0E8F9E56471B}.Debug|x86.Build.0 = Debug|Any CPU
		{68DADA2B-0AAA-4206-A2AF-0E8F9E56471B}.Release|Any CPU.ActiveCfg = Release|Any CPU
		{68DADA2B-0AAA-4206-A2AF-0E8F9E56471B}.Release|Any CPU.Build.0 = Release|Any CPU
		{68DADA2B-0AAA-4206-A2AF-0E8F9E56471B}.Release|x64.ActiveCfg = Release|Any CPU
		{68DADA2B-0AAA-4206-A2AF-0E8F9E56471B}.Release|x64.Build.0 = Release|Any CPU
		{68DADA2B-0AAA-4206-A2AF-0E8F9E56471B}.Release|x86.ActiveCfg = Release|Any CPU
		{68DADA2B-0AAA-4206-A2AF-0E8F9E56471B}.Release|x86.Build.0 = Release|Any CPU
		{551FFE21-92EA-4886-B6BE-29A4AB1AF539}.Debug|Any CPU.ActiveCfg = Debug|Any CPU
		{551FFE21-92EA-4886-B6BE-29A4AB1AF539}.Debug|Any CPU.Build.0 = Debug|Any CPU
		{551FFE21-92EA-4886-B6BE-29A4AB1AF539}.Debug|x64.ActiveCfg = Debug|Any CPU
		{551FFE21-92EA-4886-B6BE-29A4AB1AF539}.Debug|x64.Build.0 = Debug|Any CPU
		{551FFE21-92EA-4886-B6BE-29A4AB1AF539}.Debug|x86.ActiveCfg = Debug|Any CPU
		{551FFE21-92EA-4886-B6BE-29A4AB1AF539}.Debug|x86.Build.0 = Debug|Any CPU
		{551FFE21-92EA-4886-B6BE-29A4AB1AF539}.Release|Any CPU.ActiveCfg = Release|Any CPU
		{551FFE21-92EA-4886-B6BE-29A4AB1AF539}.Release|Any CPU.Build.0 = Release|Any CPU
		{551FFE21-92EA-4886-B6BE-29A4AB1AF539}.Release|x64.ActiveCfg = Release|Any CPU
		{551FFE21-92EA-4886-B6BE-29A4AB1AF539}.Release|x64.Build.0 = Release|Any CPU
		{551FFE21-92EA-4886-B6BE-29A4AB1AF539}.Release|x86.ActiveCfg = Release|Any CPU
		{551FFE21-92EA-4886-B6BE-29A4AB1AF539}.Release|x86.Build.0 = Release|Any CPU
	EndGlobalSection
	GlobalSection(SolutionProperties) = preSolution
		HideSolutionNode = FALSE
	EndGlobalSection
	GlobalSection(ExtensibilityGlobals) = postSolution
		SolutionGuid = {090F5641-01CB-4A79-BBBF-DE1CA2CBC96D}
	EndGlobalSection
EndGlobal
